
Microsoft Visual Studio Solution File, Format Version 12.00
# Visual Studio Version 17
VisualStudioVersion = 17.4.33213.308
MinimumVisualStudioVersion = 10.0.40219.1
Project("{FAE04EC0-301F-11D3-BF4B-00C04F79EFBC}") = "Cyotek.Md5", "src\Cyotek.Md5.csproj", "{6C4B8FEB-6199-4D1F-908F-1665161EC7F3}"
EndProject
Global
	GlobalSection(SolutionConfigurationPlatforms) = preSolution
		Debug|Any CPU = Debug|Any CPU
		Release|Any CPU = Release|Any CPU
	EndGlobalSection
	GlobalSection(ProjectConfigurationPlatforms) = postSolution
		{6C4B8FEB-6199-4D1F-908F-1665161EC7F3}.Debug|Any CPU.ActiveCfg = Debug|Any CPU
		{6C4B8FEB-6199-4D1F-908F-1665161EC7F3}.Debug|Any CPU.Build.0 = Debug|Any CPU
		{6C4B8FEB-6199-4D1F-908F-1665161EC7F3}.Release|Any CPU.ActiveCfg = Release|Any CPU
		{6C4B8FEB-6199-4D1F-908F-1665161EC7F3}.Release|Any CPU.Build.0 = Release|Any CPU
	EndGlobalSection
	GlobalSection(SolutionProperties) = preSolution
		HideSolutionNode = FALSE
	EndGlobalSection
	GlobalSection(ExtensibilityGlobals) = postSolution
		SolutionGuid = {24CBBDC7-3A79-478B-BCA7-B33E11A103CF}
	EndGlobalSection
EndGlobal
